
Microsoft Visual Studio Solution File, Format Version 12.00
# Visual Studio 15
VisualStudioVersion = 15.0.27703.2000
MinimumVisualStudioVersion = 10.0.40219.1
Project("{FAE04EC0-301F-11D3-BF4B-00C04F79EFBC}") = "Execom.TargetBinding.Android", "Execom.TargetBinding.Android\Execom.TargetBinding.Android.csproj", "{83ABADD2-2BAF-418E-BB96-AC593DDE8DEB}"
EndProject
Project("{9A19103F-16F7-4668-BE54-9A1E7A4F7556}") = "Execom.TargetBinding.Core", "Execom.TargetBinding.Core\Execom.TargetBinding.Core.csproj", "{7D04AAB8-D3CF-41F5-BA23-92342DA3B611}"
EndProject
Project("{FAE04EC0-301F-11D3-BF4B-00C04F79EFBC}") = "Execom.TargetBinding.iOS", "Execom.TargetBinding.iOS\Execom.TargetBinding.iOS.csproj", "{80A96B52-6758-4BDB-B0B4-CEA4CA155C60}"
EndProject
Global
	GlobalSection(SolutionConfigurationPlatforms) = preSolution
		Debug|Any CPU = Debug|Any CPU
		Debug|iPhone = Debug|iPhone
		Debug|iPhoneSimulator = Debug|iPhoneSimulator
		Release|Any CPU = Release|Any CPU
		Release|iPhone = Release|iPhone
		Release|iPhoneSimulator = Release|iPhoneSimulator
	EndGlobalSection
	GlobalSection(ProjectConfigurationPlatforms) = postSolution
		{83ABADD2-2BAF-418E-BB96-AC593DDE8DEB}.Debug|Any CPU.ActiveCfg = Debug|Any CPU
		{83ABADD2-2BAF-418E-BB96-AC593DDE8DEB}.Debug|Any CPU.Build.0 = Debug|Any CPU
		{83ABADD2-2BAF-418E-BB96-AC593DDE8DEB}.Debug|Any CPU.Deploy.0 = Debug|Any CPU
		{83ABADD2-2BAF-418E-BB96-AC593DDE8DEB}.Debug|iPhone.ActiveCfg = Debug|Any CPU
		{83ABADD2-2BAF-418E-BB96-AC593DDE8DEB}.Debug|iPhone.Build.0 = Debug|Any CPU
		{83ABADD2-2BAF-418E-BB96-AC593DDE8DEB}.Debug|iPhone.Deploy.0 = Debug|Any CPU
		{83ABADD2-2BAF-418E-BB96-AC593DDE8DEB}.Debug|iPhoneSimulator.ActiveCfg = Debug|Any CPU
		{83ABADD2-2BAF-418E-BB96-AC593DDE8DEB}.Debug|iPhoneSimulator.Build.0 = Debug|Any CPU
		{83ABADD2-2BAF-418E-BB96-AC593DDE8DEB}.Debug|iPhoneSimulator.Deploy.0 = Debug|Any CPU
		{83ABADD2-2BAF-418E-BB96-AC593DDE8DEB}.Release|Any CPU.ActiveCfg = Release|Any CPU
		{83ABADD2-2BAF-418E-BB96-AC593DDE8DEB}.Release|Any CPU.Build.0 = Release|Any CPU
		{83ABADD2-2BAF-418E-BB96-AC593DDE8DEB}.Release|Any CPU.Deploy.0 = Release|Any CPU
		{83ABADD2-2BAF-418E-BB96-AC593DDE8DEB}.Release|iPhone.ActiveCfg = Release|Any CPU
		{83ABADD2-2BAF-418E-BB96-AC593DDE8DEB}.Release|iPhone.Build.0 = Release|Any CPU
		{83ABADD2-2BAF-418E-BB96-AC593DDE8DEB}.Release|iPhone.Deploy.0 = Release|Any CPU
		{83ABADD2-2BAF-418E-BB96-AC593DDE8DEB}.Release|iPhoneSimulator.ActiveCfg = Release|Any CPU
		{83ABADD2-2BAF-418E-BB96-AC593DDE8DEB}.Release|iPhoneSimulator.Build.0 = Release|Any CPU
		{83ABADD2-2BAF-418E-BB96-AC593DDE8DEB}.Release|iPhoneSimulator.Deploy.0 = Release|Any CPU
		{7D04AAB8-D3CF-41F5-BA23-92342DA3B611}.Debug|Any CPU.ActiveCfg = Debug|Any CPU
		{7D04AAB8-D3CF-41F5-BA23-92342DA3B611}.Debug|Any CPU.Build.0 = Debug|Any CPU
		{7D04AAB8-D3CF-41F5-BA23-92342DA3B611}.Debug|iPhone.ActiveCfg = Debug|Any CPU
		{7D04AAB8-D3CF-41F5-BA23-92342DA3B611}.Debug|iPhone.Build.0 = Debug|Any CPU
		{7D04AAB8-D3CF-41F5-BA23-92342DA3B611}.Debug|iPhoneSimulator.ActiveCfg = Debug|Any CPU
		{7D04AAB8-D3CF-41F5-BA23-92342DA3B611}.Debug|iPhoneSimulator.Build.0 = Debug|Any CPU
		{7D04AAB8-D3CF-41F5-BA23-92342DA3B611}.Release|Any CPU.ActiveCfg = Release|Any CPU
		{7D04AAB8-D3CF-41F5-BA23-92342DA3B611}.Release|Any CPU.Build.0 = Release|Any CPU
		{7D04AAB8-D3CF-41F5-BA23-92342DA3B611}.Release|iPhone.ActiveCfg = Release|Any CPU
		{7D04AAB8-D3CF-41F5-BA23-92342DA3B611}.Release|iPhone.Build.0 = Release|Any CPU
		{7D04AAB8-D3CF-41F5-BA23-92342DA3B611}.Release|iPhoneSimulator.ActiveCfg = Release|Any CPU
		{7D04AAB8-D3CF-41F5-BA23-92342DA3B611}.Release|iPhoneSimulator.Build.0 = Release|Any CPU
		{80A96B52-6758-4BDB-B0B4-CEA4CA155C60}.Debug|Any CPU.ActiveCfg = Debug|iPhone
		{80A96B52-6758-4BDB-B0B4-CEA4CA155C60}.Debug|iPhone.ActiveCfg = Debug|iPhone
		{80A96B52-6758-4BDB-B0B4-CEA4CA155C60}.Debug|iPhone.Build.0 = Debug|iPhone
		{80A96B52-6758-4BDB-B0B4-CEA4CA155C60}.Debug|iPhoneSimulator.ActiveCfg = Debug|iPhoneSimulator
		{80A96B52-6758-4BDB-B0B4-CEA4CA155C60}.Debug|iPhoneSimulator.Build.0 = Debug|iPhoneSimulator
		{80A96B52-6758-4BDB-B0B4-CEA4CA155C60}.Release|Any CPU.ActiveCfg = Release|iPhone
		{80A96B52-6758-4BDB-B0B4-CEA4CA155C60}.Release|iPhone.ActiveCfg = Release|iPhone
		{80A96B52-6758-4BDB-B0B4-CEA4CA155C60}.Release|iPhone.Build.0 = Release|iPhone
		{80A96B52-6758-4BDB-B0B4-CEA4CA155C60}.Release|iPhoneSimulator.ActiveCfg = Release|iPhoneSimulator
		{80A96B52-6758-4BDB-B0B4-CEA4CA155C60}.Release|iPhoneSimulator.Build.0 = Release|iPhoneSimulator
	EndGlobalSection
	GlobalSection(SolutionProperties) = preSolution
		HideSolutionNode = FALSE
	EndGlobalSection
	GlobalSection(ExtensibilityGlobals) = postSolution
		SolutionGuid = {424F3200-3F0A-41CA-8A58-C5034ECE761A}
	EndGlobalSection
EndGlobal
